// !$*UTF8*$!
{
	archiveVersion = 1;
	classes = {
	};
	objectVersion = 46;
	objects = {

/* Begin PBXBuildFile section */
		E714E8481CCA339100E18E52 /* SmileIcon.swift in Sources */ = {isa = PBXBuildFile; fileRef = E714E8471CCA339100E18E52 /* SmileIcon.swift */; };
		E718A78B1CD0C7ED004C6B83 /* PaperclipIcon.swift in Sources */ = {isa = PBXBuildFile; fileRef = E718A78A1CD0C7ED004C6B83 /* PaperclipIcon.swift */; };
		E718A78D1CD0D802004C6B83 /* SoundwaveIcon.swift in Sources */ = {isa = PBXBuildFile; fileRef = E718A78C1CD0D802004C6B83 /* SoundwaveIcon.swift */; };
		E718A78F1CD0F538004C6B83 /* BikeIcon.swift in Sources */ = {isa = PBXBuildFile; fileRef = E718A78E1CD0F538004C6B83 /* BikeIcon.swift */; };
		E718A7911CD0F9A1004C6B83 /* UIBezierPath+IconInit.swift in Sources */ = {isa = PBXBuildFile; fileRef = E718A7901CD0F9A1004C6B83 /* UIBezierPath+IconInit.swift */; };
		E72222861CCFB00B004C08BF /* FingerprintIcon.swift in Sources */ = {isa = PBXBuildFile; fileRef = E72222851CCFB00B004C08BF /* FingerprintIcon.swift */; };
		E79C866F1CC6761B00C3B906 /* DropPinIcon.swift in Sources */ = {isa = PBXBuildFile; fileRef = E79C866D1CC6761B00C3B906 /* DropPinIcon.swift */; };
		E79C86701CC6761B00C3B906 /* SettingsIcon.swift in Sources */ = {isa = PBXBuildFile; fileRef = E79C866E1CC6761B00C3B906 /* SettingsIcon.swift */; };
		E79C86741CC6822200C3B906 /* AnimatedIcon+Appearance.swift in Sources */ = {isa = PBXBuildFile; fileRef = E79C86731CC6822200C3B906 /* AnimatedIcon+Appearance.swift */; };
		E7BE8DDA1CC57E5E007DADED /* UIColor+Between.swift in Sources */ = {isa = PBXBuildFile; fileRef = E7BE8DCB1CC57E5E007DADED /* UIColor+Between.swift */; };
		E7BE8DDB1CC57E5E007DADED /* UIColor+HSB.swift in Sources */ = {isa = PBXBuildFile; fileRef = E7BE8DCC1CC57E5E007DADED /* UIColor+HSB.swift */; };
		E7BE8DDC1CC57E5E007DADED /* UIColor+IconColors.swift in Sources */ = {isa = PBXBuildFile; fileRef = E7BE8DCD1CC57E5E007DADED /* UIColor+IconColors.swift */; };
		E7BE8DDD1CC57E5E007DADED /* UIColor+RGB.swift in Sources */ = {isa = PBXBuildFile; fileRef = E7BE8DCE1CC57E5E007DADED /* UIColor+RGB.swift */; };
		E7BE8DDE1CC57E5E007DADED /* BurgerIcon.swift in Sources */ = {isa = PBXBuildFile; fileRef = E7BE8DD01CC57E5E007DADED /* BurgerIcon.swift */; };
		E7BE8DDF1CC57E5E007DADED /* CheckmarkIcon.swift in Sources */ = {isa = PBXBuildFile; fileRef = E7BE8DD11CC57E5E007DADED /* CheckmarkIcon.swift */; };
		E7BE8DE01CC57E5E007DADED /* HeartIcon.swift in Sources */ = {isa = PBXBuildFile; fileRef = E7BE8DD21CC57E5E007DADED /* HeartIcon.swift */; };
		E7BE8DE11CC57E5E007DADED /* PlusMinusIcon.swift in Sources */ = {isa = PBXBuildFile; fileRef = E7BE8DD31CC57E5E007DADED /* PlusMinusIcon.swift */; };
		E7BE8DE21CC57E5E007DADED /* StarIcon.swift in Sources */ = {isa = PBXBuildFile; fileRef = E7BE8DD41CC57E5E007DADED /* StarIcon.swift */; };
		E7BE8DE31CC57E5E007DADED /* AnimatedIcon.swift in Sources */ = {isa = PBXBuildFile; fileRef = E7BE8DD61CC57E5E007DADED /* AnimatedIcon.swift */; };
		E7BE8DE41CC57E5E007DADED /* AnimatedIconExporter.swift in Sources */ = {isa = PBXBuildFile; fileRef = E7BE8DD71CC57E5E007DADED /* AnimatedIconExporter.swift */; };
		E7BE8DE51CC57E5E007DADED /* AnimationFunctions.swift in Sources */ = {isa = PBXBuildFile; fileRef = E7BE8DD81CC57E5E007DADED /* AnimationFunctions.swift */; };
		E7BE8DE61CC57E5E007DADED /* AnimationLayer.swift in Sources */ = {isa = PBXBuildFile; fileRef = E7BE8DD91CC57E5E007DADED /* AnimationLayer.swift */; };
		E7BE8E171CC581A3007DADED /* MKJIcons.h in Headers */ = {isa = PBXBuildFile; fileRef = E7BE8E0F1CC5805B007DADED /* MKJIcons.h */; settings = {ATTRIBUTES = (Public, ); }; };
		E7BE8E251CC59D49007DADED /* AnimatedIcon+Inspectable.swift in Sources */ = {isa = PBXBuildFile; fileRef = E7BE8E241CC59D49007DADED /* AnimatedIcon+Inspectable.swift */; };
		E7DCB3F41CC78E8500F166F4 /* PlayPauseIcon.swift in Sources */ = {isa = PBXBuildFile; fileRef = E7DCB3F21CC78E8500F166F4 /* PlayPauseIcon.swift */; };
		E7DCB3F51CC78E8500F166F4 /* PlayStopIcon.swift in Sources */ = {isa = PBXBuildFile; fileRef = E7DCB3F31CC78E8500F166F4 /* PlayStopIcon.swift */; };
		E7FFEC981CCF76BC008D8140 /* CGFloat+ToBool.swift in Sources */ = {isa = PBXBuildFile; fileRef = E7FFEC971CCF76BC008D8140 /* CGFloat+ToBool.swift */; };
		E7FFEC9A1CCF7759008D8140 /* Bool+ToCGFloat.swift in Sources */ = {isa = PBXBuildFile; fileRef = E7FFEC991CCF7759008D8140 /* Bool+ToCGFloat.swift */; };
/* End PBXBuildFile section */

/* Begin PBXFileReference section */
		E714E8471CCA339100E18E52 /* SmileIcon.swift */ = {isa = PBXFileReference; fileEncoding = 4; lastKnownFileType = sourcecode.swift; path = SmileIcon.swift; sourceTree = "<group>"; };
		E718A78A1CD0C7ED004C6B83 /* PaperclipIcon.swift */ = {isa = PBXFileReference; fileEncoding = 4; lastKnownFileType = sourcecode.swift; path = PaperclipIcon.swift; sourceTree = "<group>"; };
		E718A78C1CD0D802004C6B83 /* SoundwaveIcon.swift */ = {isa = PBXFileReference; fileEncoding = 4; lastKnownFileType = sourcecode.swift; path = SoundwaveIcon.swift; sourceTree = "<group>"; };
		E718A78E1CD0F538004C6B83 /* BikeIcon.swift */ = {isa = PBXFileReference; fileEncoding = 4; lastKnownFileType = sourcecode.swift; path = BikeIcon.swift; sourceTree = "<group>"; };
		E718A7901CD0F9A1004C6B83 /* UIBezierPath+IconInit.swift */ = {isa = PBXFileReference; fileEncoding = 4; lastKnownFileType = sourcecode.swift; path = "UIBezierPath+IconInit.swift"; sourceTree = "<group>"; };
		E72222851CCFB00B004C08BF /* FingerprintIcon.swift */ = {isa = PBXFileReference; fileEncoding = 4; lastKnownFileType = sourcecode.swift; path = FingerprintIcon.swift; sourceTree = "<group>"; };
		E79C866D1CC6761B00C3B906 /* DropPinIcon.swift */ = {isa = PBXFileReference; fileEncoding = 4; lastKnownFileType = sourcecode.swift; path = DropPinIcon.swift; sourceTree = "<group>"; };
		E79C866E1CC6761B00C3B906 /* SettingsIcon.swift */ = {isa = PBXFileReference; fileEncoding = 4; lastKnownFileType = sourcecode.swift; path = SettingsIcon.swift; sourceTree = "<group>"; };
		E79C86731CC6822200C3B906 /* AnimatedIcon+Appearance.swift */ = {isa = PBXFileReference; fileEncoding = 4; lastKnownFileType = sourcecode.swift; path = "AnimatedIcon+Appearance.swift"; sourceTree = "<group>"; };
		E7BE8DBF1CC57E30007DADED /* MKJIcons.framework */ = {isa = PBXFileReference; explicitFileType = wrapper.framework; includeInIndex = 0; path = MKJIcons.framework; sourceTree = BUILT_PRODUCTS_DIR; };
		E7BE8DCB1CC57E5E007DADED /* UIColor+Between.swift */ = {isa = PBXFileReference; fileEncoding = 4; lastKnownFileType = sourcecode.swift; path = "UIColor+Between.swift"; sourceTree = "<group>"; };
		E7BE8DCC1CC57E5E007DADED /* UIColor+HSB.swift */ = {isa = PBXFileReference; fileEncoding = 4; lastKnownFileType = sourcecode.swift; path = "UIColor+HSB.swift"; sourceTree = "<group>"; };
		E7BE8DCD1CC57E5E007DADED /* UIColor+IconColors.swift */ = {isa = PBXFileReference; fileEncoding = 4; lastKnownFileType = sourcecode.swift; path = "UIColor+IconColors.swift"; sourceTree = "<group>"; };
		E7BE8DCE1CC57E5E007DADED /* UIColor+RGB.swift */ = {isa = PBXFileReference; fileEncoding = 4; lastKnownFileType = sourcecode.swift; path = "UIColor+RGB.swift"; sourceTree = "<group>"; };
		E7BE8DD01CC57E5E007DADED /* BurgerIcon.swift */ = {isa = PBXFileReference; fileEncoding = 4; lastKnownFileType = sourcecode.swift; path = BurgerIcon.swift; sourceTree = "<group>"; };
		E7BE8DD11CC57E5E007DADED /* CheckmarkIcon.swift */ = {isa = PBXFileReference; fileEncoding = 4; lastKnownFileType = sourcecode.swift; path = CheckmarkIcon.swift; sourceTree = "<group>"; };
		E7BE8DD21CC57E5E007DADED /* HeartIcon.swift */ = {isa = PBXFileReference; fileEncoding = 4; lastKnownFileType = sourcecode.swift; path = HeartIcon.swift; sourceTree = "<group>"; };
		E7BE8DD31CC57E5E007DADED /* PlusMinusIcon.swift */ = {isa = PBXFileReference; fileEncoding = 4; lastKnownFileType = sourcecode.swift; path = PlusMinusIcon.swift; sourceTree = "<group>"; };
		E7BE8DD41CC57E5E007DADED /* StarIcon.swift */ = {isa = PBXFileReference; fileEncoding = 4; lastKnownFileType = sourcecode.swift; path = StarIcon.swift; sourceTree = "<group>"; };
		E7BE8DD61CC57E5E007DADED /* AnimatedIcon.swift */ = {isa = PBXFileReference; fileEncoding = 4; lastKnownFileType = sourcecode.swift; path = AnimatedIcon.swift; sourceTree = "<group>"; };
		E7BE8DD71CC57E5E007DADED /* AnimatedIconExporter.swift */ = {isa = PBXFileReference; fileEncoding = 4; lastKnownFileType = sourcecode.swift; path = AnimatedIconExporter.swift; sourceTree = "<group>"; };
		E7BE8DD81CC57E5E007DADED /* AnimationFunctions.swift */ = {isa = PBXFileReference; fileEncoding = 4; lastKnownFileType = sourcecode.swift; path = AnimationFunctions.swift; sourceTree = "<group>"; };
		E7BE8DD91CC57E5E007DADED /* AnimationLayer.swift */ = {isa = PBXFileReference; fileEncoding = 4; lastKnownFileType = sourcecode.swift; path = AnimationLayer.swift; sourceTree = "<group>"; };
		E7BE8E0E1CC5805B007DADED /* Info.plist */ = {isa = PBXFileReference; fileEncoding = 4; lastKnownFileType = text.plist.xml; name = Info.plist; path = Resources/Info.plist; sourceTree = SOURCE_ROOT; };
		E7BE8E0F1CC5805B007DADED /* MKJIcons.h */ = {isa = PBXFileReference; fileEncoding = 4; lastKnownFileType = sourcecode.c.h; name = MKJIcons.h; path = Resources/MKJIcons.h; sourceTree = SOURCE_ROOT; };
		E7BE8E241CC59D49007DADED /* AnimatedIcon+Inspectable.swift */ = {isa = PBXFileReference; fileEncoding = 4; lastKnownFileType = sourcecode.swift; path = "AnimatedIcon+Inspectable.swift"; sourceTree = "<group>"; };
		E7DCB3F21CC78E8500F166F4 /* PlayPauseIcon.swift */ = {isa = PBXFileReference; fileEncoding = 4; lastKnownFileType = sourcecode.swift; path = PlayPauseIcon.swift; sourceTree = "<group>"; };
		E7DCB3F31CC78E8500F166F4 /* PlayStopIcon.swift */ = {isa = PBXFileReference; fileEncoding = 4; lastKnownFileType = sourcecode.swift; path = PlayStopIcon.swift; sourceTree = "<group>"; };
		E7FFEC971CCF76BC008D8140 /* CGFloat+ToBool.swift */ = {isa = PBXFileReference; fileEncoding = 4; lastKnownFileType = sourcecode.swift; path = "CGFloat+ToBool.swift"; sourceTree = "<group>"; };
		E7FFEC991CCF7759008D8140 /* Bool+ToCGFloat.swift */ = {isa = PBXFileReference; fileEncoding = 4; lastKnownFileType = sourcecode.swift; path = "Bool+ToCGFloat.swift"; sourceTree = "<group>"; };
/* End PBXFileReference section */

/* Begin PBXFrameworksBuildPhase section */
		E7BE8DBB1CC57E30007DADED /* Frameworks */ = {
			isa = PBXFrameworksBuildPhase;
			buildActionMask = 2147483647;
			files = (
			);
			runOnlyForDeploymentPostprocessing = 0;
		};
/* End PBXFrameworksBuildPhase section */

/* Begin PBXGroup section */
		E7BE8DB51CC57E30007DADED = {
			isa = PBXGroup;
			children = (
				E7BE8DC11CC57E30007DADED /* MKJIcons */,
				E7BE8DC01CC57E30007DADED /* Products */,
			);
			sourceTree = "<group>";
		};
		E7BE8DC01CC57E30007DADED /* Products */ = {
			isa = PBXGroup;
			children = (
				E7BE8DBF1CC57E30007DADED /* MKJIcons.framework */,
			);
			name = Products;
			sourceTree = "<group>";
		};
		E7BE8DC11CC57E30007DADED /* MKJIcons */ = {
			isa = PBXGroup;
			children = (
				E7BE8DD51CC57E5E007DADED /* Base classes */,
				E7BE8DCA1CC57E5E007DADED /* Extensions */,
				E7BE8DCF1CC57E5E007DADED /* Icons */,
				E7BE8E0E1CC5805B007DADED /* Info.plist */,
				E7BE8E0F1CC5805B007DADED /* MKJIcons.h */,
			);
			path = MKJIcons;
			sourceTree = "<group>";
		};
		E7BE8DCA1CC57E5E007DADED /* Extensions */ = {
			isa = PBXGroup;
			children = (
				E7BE8DCB1CC57E5E007DADED /* UIColor+Between.swift */,
				E7BE8DCC1CC57E5E007DADED /* UIColor+HSB.swift */,
				E7BE8DCD1CC57E5E007DADED /* UIColor+IconColors.swift */,
				E7BE8DCE1CC57E5E007DADED /* UIColor+RGB.swift */,
				E7FFEC971CCF76BC008D8140 /* CGFloat+ToBool.swift */,
				E7FFEC991CCF7759008D8140 /* Bool+ToCGFloat.swift */,
				E718A7901CD0F9A1004C6B83 /* UIBezierPath+IconInit.swift */,
			);
			name = Extensions;
			path = Icons.playground/Sources/Extensions;
			sourceTree = SOURCE_ROOT;
		};
		E7BE8DCF1CC57E5E007DADED /* Icons */ = {
			isa = PBXGroup;
			children = (
				E718A78E1CD0F538004C6B83 /* BikeIcon.swift */,
				E7BE8DD01CC57E5E007DADED /* BurgerIcon.swift */,
				E7BE8DD11CC57E5E007DADED /* CheckmarkIcon.swift */,
				E79C866D1CC6761B00C3B906 /* DropPinIcon.swift */,
				E7BE8DD21CC57E5E007DADED /* HeartIcon.swift */,
				E72222851CCFB00B004C08BF /* FingerprintIcon.swift */,
				E718A78A1CD0C7ED004C6B83 /* PaperclipIcon.swift */,
				E7DCB3F21CC78E8500F166F4 /* PlayPauseIcon.swift */,
				E7DCB3F31CC78E8500F166F4 /* PlayStopIcon.swift */,
				E7BE8DD31CC57E5E007DADED /* PlusMinusIcon.swift */,
				E79C866E1CC6761B00C3B906 /* SettingsIcon.swift */,
				E714E8471CCA339100E18E52 /* SmileIcon.swift */,
				E718A78C1CD0D802004C6B83 /* SoundwaveIcon.swift */,
				E7BE8DD41CC57E5E007DADED /* StarIcon.swift */,
			);
			name = Icons;
			path = Icons.playground/Sources/Icons;
			sourceTree = SOURCE_ROOT;
		};
		E7BE8DD51CC57E5E007DADED /* Base classes */ = {
			isa = PBXGroup;
			children = (
				E7BE8DD61CC57E5E007DADED /* AnimatedIcon.swift */,
				E7BE8E241CC59D49007DADED /* AnimatedIcon+Inspectable.swift */,
				E79C86731CC6822200C3B906 /* AnimatedIcon+Appearance.swift */,
				E7BE8DD71CC57E5E007DADED /* AnimatedIconExporter.swift */,
				E7BE8DD81CC57E5E007DADED /* AnimationFunctions.swift */,
				E7BE8DD91CC57E5E007DADED /* AnimationLayer.swift */,
			);
			name = "Base classes";
			path = "Icons.playground/Sources/Main classes";
			sourceTree = SOURCE_ROOT;
		};
/* End PBXGroup section */

/* Begin PBXHeadersBuildPhase section */
		E7BE8DBC1CC57E30007DADED /* Headers */ = {
			isa = PBXHeadersBuildPhase;
			buildActionMask = 2147483647;
			files = (
				E7BE8E171CC581A3007DADED /* MKJIcons.h in Headers */,
			);
			runOnlyForDeploymentPostprocessing = 0;
		};
/* End PBXHeadersBuildPhase section */

/* Begin PBXNativeTarget section */
		E7BE8DBE1CC57E30007DADED /* MKJIcons */ = {
			isa = PBXNativeTarget;
			buildConfigurationList = E7BE8DC71CC57E30007DADED /* Build configuration list for PBXNativeTarget "MKJIcons" */;
			buildPhases = (
				E7BE8DBA1CC57E30007DADED /* Sources */,
				E7BE8DBB1CC57E30007DADED /* Frameworks */,
				E7BE8DBC1CC57E30007DADED /* Headers */,
				E7BE8DBD1CC57E30007DADED /* Resources */,
			);
			buildRules = (
			);
			dependencies = (
			);
			name = MKJIcons;
			productName = MKJIcons;
			productReference = E7BE8DBF1CC57E30007DADED /* MKJIcons.framework */;
			productType = "com.apple.product-type.framework";
		};
/* End PBXNativeTarget section */

/* Begin PBXProject section */
		E7BE8DB61CC57E30007DADED /* Project object */ = {
			isa = PBXProject;
			attributes = {
				LastUpgradeCheck = 0730;
				ORGANIZATIONNAME = "Matěj Kašpar Jirásek";
				TargetAttributes = {
					E7BE8DBE1CC57E30007DADED = {
						CreatedOnToolsVersion = 7.3;
					};
				};
			};
			buildConfigurationList = E7BE8DB91CC57E30007DADED /* Build configuration list for PBXProject "MKJIcons" */;
			compatibilityVersion = "Xcode 3.2";
			developmentRegion = English;
			hasScannedForEncodings = 0;
			knownRegions = (
				en,
			);
			mainGroup = E7BE8DB51CC57E30007DADED;
			productRefGroup = E7BE8DC01CC57E30007DADED /* Products */;
			projectDirPath = "";
			projectRoot = "";
			targets = (
				E7BE8DBE1CC57E30007DADED /* MKJIcons */,
			);
		};
/* End PBXProject section */

/* Begin PBXResourcesBuildPhase section */
		E7BE8DBD1CC57E30007DADED /* Resources */ = {
			isa = PBXResourcesBuildPhase;
			buildActionMask = 2147483647;
			files = (
			);
			runOnlyForDeploymentPostprocessing = 0;
		};
/* End PBXResourcesBuildPhase section */

/* Begin PBXSourcesBuildPhase section */
		E7BE8DBA1CC57E30007DADED /* Sources */ = {
			isa = PBXSourcesBuildPhase;
			buildActionMask = 2147483647;
			files = (
				E7BE8DE61CC57E5E007DADED /* AnimationLayer.swift in Sources */,
				E7BE8DDA1CC57E5E007DADED /* UIColor+Between.swift in Sources */,
				E7BE8DDC1CC57E5E007DADED /* UIColor+IconColors.swift in Sources */,
				E718A78F1CD0F538004C6B83 /* BikeIcon.swift in Sources */,
				E7FFEC9A1CCF7759008D8140 /* Bool+ToCGFloat.swift in Sources */,
				E718A78D1CD0D802004C6B83 /* SoundwaveIcon.swift in Sources */,
				E718A7911CD0F9A1004C6B83 /* UIBezierPath+IconInit.swift in Sources */,
				E79C866F1CC6761B00C3B906 /* DropPinIcon.swift in Sources */,
				E7BE8DE01CC57E5E007DADED /* HeartIcon.swift in Sources */,
				E714E8481CCA339100E18E52 /* SmileIcon.swift in Sources */,
				E718A78B1CD0C7ED004C6B83 /* PaperclipIcon.swift in Sources */,
				E7DCB3F41CC78E8500F166F4 /* PlayPauseIcon.swift in Sources */,
				E72222861CCFB00B004C08BF /* FingerprintIcon.swift in Sources */,
				E7BE8E251CC59D49007DADED /* AnimatedIcon+Inspectable.swift in Sources */,
				E7BE8DE41CC57E5E007DADED /* AnimatedIconExporter.swift in Sources */,
				E79C86701CC6761B00C3B906 /* SettingsIcon.swift in Sources */,
				E7BE8DDB1CC57E5E007DADED /* UIColor+HSB.swift in Sources */,
				E7FFEC981CCF76BC008D8140 /* CGFloat+ToBool.swift in Sources */,
				E7BE8DDE1CC57E5E007DADED /* BurgerIcon.swift in Sources */,
				E7BE8DE31CC57E5E007DADED /* AnimatedIcon.swift in Sources */,
				E7DCB3F51CC78E8500F166F4 /* PlayStopIcon.swift in Sources */,
				E7BE8DDF1CC57E5E007DADED /* CheckmarkIcon.swift in Sources */,
				E79C86741CC6822200C3B906 /* AnimatedIcon+Appearance.swift in Sources */,
				E7BE8DE51CC57E5E007DADED /* AnimationFunctions.swift in Sources */,
				E7BE8DE21CC57E5E007DADED /* StarIcon.swift in Sources */,
				E7BE8DDD1CC57E5E007DADED /* UIColor+RGB.swift in Sources */,
				E7BE8DE11CC57E5E007DADED /* PlusMinusIcon.swift in Sources */,
			);
			runOnlyForDeploymentPostprocessing = 0;
		};
/* End PBXSourcesBuildPhase section */

/* Begin XCBuildConfiguration section */
		E7BE8DC51CC57E30007DADED /* Debug */ = {
			isa = XCBuildConfiguration;
			buildSettings = {
				ALWAYS_SEARCH_USER_PATHS = NO;
				CLANG_ANALYZER_NONNULL = YES;
				CLANG_CXX_LANGUAGE_STANDARD = "gnu++0x";
				CLANG_CXX_LIBRARY = "libc++";
				CLANG_ENABLE_MODULES = YES;
				CLANG_ENABLE_OBJC_ARC = YES;
				CLANG_WARN_BOOL_CONVERSION = YES;
				CLANG_WARN_CONSTANT_CONVERSION = YES;
				CLANG_WARN_DIRECT_OBJC_ISA_USAGE = YES_ERROR;
				CLANG_WARN_EMPTY_BODY = YES;
				CLANG_WARN_ENUM_CONVERSION = YES;
				CLANG_WARN_INT_CONVERSION = YES;
				CLANG_WARN_OBJC_ROOT_CLASS = YES_ERROR;
				CLANG_WARN_UNREACHABLE_CODE = YES;
				CLANG_WARN__DUPLICATE_METHOD_MATCH = YES;
				"CODE_SIGN_IDENTITY[sdk=iphoneos*]" = "iPhone Developer";
				COPY_PHASE_STRIP = NO;
				CURRENT_PROJECT_VERSION = 1;
				DEBUG_INFORMATION_FORMAT = dwarf;
				ENABLE_STRICT_OBJC_MSGSEND = YES;
				ENABLE_TESTABILITY = YES;
				GCC_C_LANGUAGE_STANDARD = gnu99;
				GCC_DYNAMIC_NO_PIC = NO;
				GCC_NO_COMMON_BLOCKS = YES;
				GCC_OPTIMIZATION_LEVEL = 0;
				GCC_PREPROCESSOR_DEFINITIONS = (
					"DEBUG=1",
					"$(inherited)",
				);
				GCC_WARN_64_TO_32_BIT_CONVERSION = YES;
				GCC_WARN_ABOUT_RETURN_TYPE = YES_ERROR;
				GCC_WARN_UNDECLARED_SELECTOR = YES;
				GCC_WARN_UNINITIALIZED_AUTOS = YES_AGGRESSIVE;
				GCC_WARN_UNUSED_FUNCTION = YES;
				GCC_WARN_UNUSED_VARIABLE = YES;
				IPHONEOS_DEPLOYMENT_TARGET = 9.3;
				MTL_ENABLE_DEBUG_INFO = YES;
				ONLY_ACTIVE_ARCH = YES;
				SDKROOT = iphoneos;
				SWIFT_OPTIMIZATION_LEVEL = "-Onone";
				TARGETED_DEVICE_FAMILY = "1,2";
				VERSIONING_SYSTEM = "apple-generic";
				VERSION_INFO_PREFIX = "";
			};
			name = Debug;
		};
		E7BE8DC61CC57E30007DADED /* Release */ = {
			isa = XCBuildConfiguration;
			buildSettings = {
				ALWAYS_SEARCH_USER_PATHS = NO;
				CLANG_ANALYZER_NONNULL = YES;
				CLANG_CXX_LANGUAGE_STANDARD = "gnu++0x";
				CLANG_CXX_LIBRARY = "libc++";
				CLANG_ENABLE_MODULES = YES;
				CLANG_ENABLE_OBJC_ARC = YES;
				CLANG_WARN_BOOL_CONVERSION = YES;
				CLANG_WARN_CONSTANT_CONVERSION = YES;
				CLANG_WARN_DIRECT_OBJC_ISA_USAGE = YES_ERROR;
				CLANG_WARN_EMPTY_BODY = YES;
				CLANG_WARN_ENUM_CONVERSION = YES;
				CLANG_WARN_INT_CONVERSION = YES;
				CLANG_WARN_OBJC_ROOT_CLASS = YES_ERROR;
				CLANG_WARN_UNREACHABLE_CODE = YES;
				CLANG_WARN__DUPLICATE_METHOD_MATCH = YES;
				"CODE_SIGN_IDENTITY[sdk=iphoneos*]" = "iPhone Developer";
				COPY_PHASE_STRIP = NO;
				CURRENT_PROJECT_VERSION = 1;
				DEBUG_INFORMATION_FORMAT = "dwarf-with-dsym";
				ENABLE_NS_ASSERTIONS = NO;
				ENABLE_STRICT_OBJC_MSGSEND = YES;
				GCC_C_LANGUAGE_STANDARD = gnu99;
				GCC_NO_COMMON_BLOCKS = YES;
				GCC_WARN_64_TO_32_BIT_CONVERSION = YES;
				GCC_WARN_ABOUT_RETURN_TYPE = YES_ERROR;
				GCC_WARN_UNDECLARED_SELECTOR = YES;
				GCC_WARN_UNINITIALIZED_AUTOS = YES_AGGRESSIVE;
				GCC_WARN_UNUSED_FUNCTION = YES;
				GCC_WARN_UNUSED_VARIABLE = YES;
				IPHONEOS_DEPLOYMENT_TARGET = 9.3;
				MTL_ENABLE_DEBUG_INFO = NO;
				SDKROOT = iphoneos;
				TARGETED_DEVICE_FAMILY = "1,2";
				VALIDATE_PRODUCT = YES;
				VERSIONING_SYSTEM = "apple-generic";
				VERSION_INFO_PREFIX = "";
			};
			name = Release;
		};
		E7BE8DC81CC57E30007DADED /* Debug */ = {
			isa = XCBuildConfiguration;
			buildSettings = {
				DEFINES_MODULE = YES;
				DYLIB_COMPATIBILITY_VERSION = 1;
				DYLIB_CURRENT_VERSION = 1;
				DYLIB_INSTALL_NAME_BASE = "@rpath";
				INFOPLIST_FILE = "$(SRCROOT)/Resources/Info.plist";
				INSTALL_PATH = "$(LOCAL_LIBRARY_DIR)/Frameworks";
				LD_RUNPATH_SEARCH_PATHS = "$(inherited) @executable_path/Frameworks @loader_path/Frameworks";
				PRODUCT_BUNDLE_IDENTIFIER = is.mkj.MKJIcons;
				PRODUCT_NAME = "$(TARGET_NAME)";
				SKIP_INSTALL = YES;
			};
			name = Debug;
		};
		E7BE8DC91CC57E30007DADED /* Release */ = {
			isa = XCBuildConfiguration;
			buildSettings = {
				DEFINES_MODULE = YES;
				DYLIB_COMPATIBILITY_VERSION = 1;
				DYLIB_CURRENT_VERSION = 1;
				DYLIB_INSTALL_NAME_BASE = "@rpath";
				INFOPLIST_FILE = "$(SRCROOT)/Resources/Info.plist";
				INSTALL_PATH = "$(LOCAL_LIBRARY_DIR)/Frameworks";
				LD_RUNPATH_SEARCH_PATHS = "$(inherited) @executable_path/Frameworks @loader_path/Frameworks";
				PRODUCT_BUNDLE_IDENTIFIER = is.mkj.MKJIcons;
				PRODUCT_NAME = "$(TARGET_NAME)";
				SKIP_INSTALL = YES;
			};
			name = Release;
		};
/* End XCBuildConfiguration section */

/* Begin XCConfigurationList section */
		E7BE8DB91CC57E30007DADED /* Build configuration list for PBXProject "MKJIcons" */ = {
			isa = XCConfigurationList;
			buildConfigurations = (
				E7BE8DC51CC57E30007DADED /* Debug */,
				E7BE8DC61CC57E30007DADED /* Release */,
			);
			defaultConfigurationIsVisible = 0;
			defaultConfigurationName = Release;
		};
		E7BE8DC71CC57E30007DADED /* Build configuration list for PBXNativeTarget "MKJIcons" */ = {
			isa = XCConfigurationList;
			buildConfigurations = (
				E7BE8DC81CC57E30007DADED /* Debug */,
				E7BE8DC91CC57E30007DADED /* Release */,
			);
			defaultConfigurationIsVisible = 0;
			defaultConfigurationName = Release;
		};
/* End XCConfigurationList section */
	};
	rootObject = E7BE8DB61CC57E30007DADED /* Project object */;
}
